
Microsoft Visual Studio Solution File, Format Version 12.00
Project("{FAE04EC0-301F-11D3-BF4B-00C04F79EFBC}") = "CommandsService", "CommandsService\CommandsService.csproj", "{6CCCF022-3B7F-4A94-9511-8E55787A9F76}"
EndProject
Global
	GlobalSection(SolutionConfigurationPlatforms) = preSolution
		Debug|Any CPU = Debug|Any CPU
		Release|Any CPU = Release|Any CPU
	EndGlobalSection
	GlobalSection(ProjectConfigurationPlatforms) = postSolution
		{6CCCF022-3B7F-4A94-9511-8E55787A9F76}.Debug|Any CPU.ActiveCfg = Debug|Any CPU
		{6CCCF022-3B7F-4A94-9511-8E55787A9F76}.Debug|Any CPU.Build.0 = Debug|Any CPU
		{6CCCF022-3B7F-4A94-9511-8E55787A9F76}.Release|Any CPU.ActiveCfg = Release|Any CPU
		{6CCCF022-3B7F-4A94-9511-8E55787A9F76}.Release|Any CPU.Build.0 = Release|Any CPU
	EndGlobalSection
EndGlobal
